# This file is automatically @generated by Cargo.
# It is not intended for manual editing.
version = 3

[[package]]
name = "dissimilar"
version = "1.0.3"
source = "registry+https://github.com/rust-lang/crates.io-index"
checksum = "31ad93652f40969dead8d4bf897a41e9462095152eb21c56e5830537e41179dd"

[[package]]
name = "expect-test"
version = "1.2.2"
source = "registry+https://github.com/rust-lang/crates.io-index"
checksum = "7e3e6b28dccda91d8742195c71fbda412112c0c77febf56bf3d895d68b19db16"
dependencies = [
 "dissimilar",
 "once_cell",
]

[[package]]
name = "fae"
version = "0.1.0"
dependencies = [
 "expect-test",
]

[[package]]
name = "once_cell"
version = "1.10.0"
source = "registry+https://github.com/rust-lang/crates.io-index"
checksum = "87f3e037eac156d1775da914196f0f37741a274155e34a0b7e427c35d2a2ecb9"
